PODS:
  - Charts (3.6.0):
    - Charts/Core (= 3.6.0)
  - Charts/Core (3.6.0)
  - SDWebImage/Core (5.10.3)
  - SDWebImageSVGCoder (1.6.0):
    - SDWebImage/Core (~> 5.6)

DEPENDENCIES:
  - Charts
  - SDWebImageSVGCoder

SPEC REPOS:
  trunk:
    - Charts
    - SDWebImage
    - SDWebImageSVGCoder

SPEC CHECKSUMS:
  Charts: b1e3a1f5a1c9ba5394438ca3b91bd8c9076310af
  SDWebImage: e378178472b735e84b007bfb55514c97948a0598
  SDWebImageSVGCoder: 020cc0f1ab0ef8ca63a9365c03421d67aa3d4a46

PODFILE CHECKSUM: 10880abd33839a2004344495af596a5237c4073e

COCOAPODS: 1.10.1
